
Microsoft Visual Studio Solution File, Format Version 12.00
# Visual Studio 2013
VisualStudioVersion = 12.0.40629.0
MinimumVisualStudioVersion = 10.0.40219.1
Project("{FAE04EC0-301F-11D3-BF4B-00C04F79EFBC}") = "SmartHorasExtras", "SmartHorasExtras\SmartHorasExtras.csproj", "{D7727783-DB64-4D6B-AC83-230825F10F7C}"
EndProject
Project("{FAE04EC0-301F-11D3-BF4B-00C04F79EFBC}") = "SmartHorasExtras_DB", "SmartHorasExtras_DB\SmartHorasExtras_DB.csproj", "{E1796983-EC10-48C7-8998-5BD28F1FF10D}"
EndProject
Global
	GlobalSection(SolutionConfigurationPlatforms) = preSolution
		Debug|Any CPU = Debug|Any CPU
		Release|Any CPU = Release|Any CPU
	EndGlobalSection
	GlobalSection(ProjectConfigurationPlatforms) = postSolution
		{D7727783-DB64-4D6B-AC83-230825F10F7C}.Debug|Any CPU.ActiveCfg = Debug|Any CPU
		{D7727783-DB64-4D6B-AC83-230825F10F7C}.Debug|Any CPU.Build.0 = Debug|Any CPU
		{D7727783-DB64-4D6B-AC83-230825F10F7C}.Release|Any CPU.ActiveCfg = Release|Any CPU
		{D7727783-DB64-4D6B-AC83-230825F10F7C}.Release|Any CPU.Build.0 = Release|Any CPU
		{E1796983-EC10-48C7-8998-5BD28F1FF10D}.Debug|Any CPU.ActiveCfg = Debug|Any CPU
		{E1796983-EC10-48C7-8998-5BD28F1FF10D}.Debug|Any CPU.Build.0 = Debug|Any CPU
		{E1796983-EC10-48C7-8998-5BD28F1FF10D}.Release|Any CPU.ActiveCfg = Release|Any CPU
		{E1796983-EC10-48C7-8998-5BD28F1FF10D}.Release|Any CPU.Build.0 = Release|Any CPU
	EndGlobalSection
	GlobalSection(SolutionProperties) = preSolution
		HideSolutionNode = FALSE
	EndGlobalSection
EndGlobal
